// !$*UTF8*$!
{
	archiveVersion = 1;
	classes = {
	};
	objectVersion = 48;
	objects = {

/* Begin PBXBuildFile section */
		2D77243E1FBDC8B100E440B9 /* AppDelegate.swift in Sources */ = {isa = PBXBuildFile; fileRef = 2D77243D1FBDC8B100E440B9 /* AppDelegate.swift */; };
		2D7724431FBDC8B100E440B9 /* Main.storyboard in Resources */ = {isa = PBXBuildFile; fileRef = 2D7724411FBDC8B100E440B9 /* Main.storyboard */; };
		2D7724451FBDC8B100E440B9 /* Assets.xcassets in Resources */ = {isa = PBXBuildFile; fileRef = 2D7724441FBDC8B100E440B9 /* Assets.xcassets */; };
		2D7724481FBDC8B100E440B9 /* LaunchScreen.storyboard in Resources */ = {isa = PBXBuildFile; fileRef = 2D7724461FBDC8B100E440B9 /* LaunchScreen.storyboard */; };
		2D7724601FBDCA0300E440B9 /* MinionService.swift in Sources */ = {isa = PBXBuildFile; fileRef = 2D77245D1FBDCA0300E440B9 /* MinionService.swift */; };
		2D7724611FBDCA0300E440B9 /* Minion.swift in Sources */ = {isa = PBXBuildFile; fileRef = 2D77245E1FBDCA0300E440B9 /* Minion.swift */; };
		2D7724621FBDCA0300E440B9 /* ViewController.swift in Sources */ = {isa = PBXBuildFile; fileRef = 2D77245F1FBDCA0300E440B9 /* ViewController.swift */; };
		2D7724641FBDCA2900E440B9 /* ViewControllerTests.swift in Sources */ = {isa = PBXBuildFile; fileRef = 2D7724631FBDCA2900E440B9 /* ViewControllerTests.swift */; };
		2D7724661FBDCB1700E440B9 /* MinionPresenter.swift in Sources */ = {isa = PBXBuildFile; fileRef = 2D7724651FBDCB1700E440B9 /* MinionPresenter.swift */; };
/* End PBXBuildFile section */

/* Begin PBXContainerItemProxy section */
		2D77244F1FBDC8B100E440B9 /* PBXContainerItemProxy */ = {
			isa = PBXContainerItemProxy;
			containerPortal = 2D7724321FBDC8B100E440B9 /* Project object */;
			proxyType = 1;
			remoteGlobalIDString = 2D7724391FBDC8B100E440B9;
			remoteInfo = MVPDependencyInjection;
		};
/* End PBXContainerItemProxy section */

/* Begin PBXFileReference section */
		2D77243A1FBDC8B100E440B9 /* MVPDependencyInjection.app */ = {isa = PBXFileReference; explicitFileType = wrapper.application; includeInIndex = 0; path = MVPDependencyInjection.app; sourceTree = BUILT_PRODUCTS_DIR; };
		2D77243D1FBDC8B100E440B9 /* AppDelegate.swift */ = {isa = PBXFileReference; lastKnownFileType = sourcecode.swift; path = AppDelegate.swift; sourceTree = "<group>"; };
		2D7724421FBDC8B100E440B9 /* Base */ = {isa = PBXFileReference; lastKnownFileType = file.storyboard; name = Base; path = Base.lproj/Main.storyboard; sourceTree = "<group>"; };
		2D7724441FBDC8B100E440B9 /* Assets.xcassets */ = {isa = PBXFileReference; lastKnownFileType = folder.assetcatalog; path = Assets.xcassets; sourceTree = "<group>"; };
		2D7724471FBDC8B100E440B9 /* Base */ = {isa = PBXFileReference; lastKnownFileType = file.storyboard; name = Base; path = Base.lproj/LaunchScreen.storyboard; sourceTree = "<group>"; };
		2D7724491FBDC8B100E440B9 /* Info.plist */ = {isa = PBXFileReference; lastKnownFileType = text.plist.xml; path = Info.plist; sourceTree = "<group>"; };
		2D77244E1FBDC8B100E440B9 /* MVPDependencyInjectionTests.xctest */ = {isa = PBXFileReference; explicitFileType = wrapper.cfbundle; includeInIndex = 0; path = MVPDependencyInjectionTests.xctest; sourceTree = BUILT_PRODUCTS_DIR; };
		2D7724541FBDC8B100E440B9 /* Info.plist */ = {isa = PBXFileReference; lastKnownFileType = text.plist.xml; path = Info.plist; sourceTree = "<group>"; };
		2D77245D1FBDCA0300E440B9 /* MinionService.swift */ = {isa = PBXFileReference; fileEncoding = 4; lastKnownFileType = sourcecode.swift; path = MinionService.swift; sourceTree = "<group>"; };
		2D77245E1FBDCA0300E440B9 /* Minion.swift */ = {isa = PBXFileReference; fileEncoding = 4; lastKnownFileType = sourcecode.swift; path = Minion.swift; sourceTree = "<group>"; };
		2D77245F1FBDCA0300E440B9 /* ViewController.swift */ = {isa = PBXFileReference; fileEncoding = 4; lastKnownFileType = sourcecode.swift; path = ViewController.swift; sourceTree = "<group>"; };
		2D7724631FBDCA2900E440B9 /* ViewControllerTests.swift */ = {isa = PBXFileReference; lastKnownFileType = sourcecode.swift; path = ViewControllerTests.swift; sourceTree = "<group>"; };
		2D7724651FBDCB1700E440B9 /* MinionPresenter.swift */ = {isa = PBXFileReference; lastKnownFileType = sourcecode.swift; path = MinionPresenter.swift; sourceTree = "<group>"; };
/* End PBXFileReference section */

/* Begin PBXFrameworksBuildPhase section */
		2D7724371FBDC8B100E440B9 /* Frameworks */ = {
			isa = PBXFrameworksBuildPhase;
			buildActionMask = 2147483647;
			files = (
			);
			runOnlyForDeploymentPostprocessing = 0;
		};
		2D77244B1FBDC8B100E440B9 /* Frameworks */ = {
			isa = PBXFrameworksBuildPhase;
			buildActionMask = 2147483647;
			files = (
			);
			runOnlyForDeploymentPostprocessing = 0;
		};
/* End PBXFrameworksBuildPhase section */

/* Begin PBXGroup section */
		2D7724311FBDC8B100E440B9 = {
			isa = PBXGroup;
			children = (
				2D77243C1FBDC8B100E440B9 /* MVPDependencyInjection */,
				2D7724511FBDC8B100E440B9 /* MVPDependencyInjectionTests */,
				2D77243B1FBDC8B100E440B9 /* Products */,
			);
			sourceTree = "<group>";
		};
		2D77243B1FBDC8B100E440B9 /* Products */ = {
			isa = PBXGroup;
			children = (
				2D77243A1FBDC8B100E440B9 /* MVPDependencyInjection.app */,
				2D77244E1FBDC8B100E440B9 /* MVPDependencyInjectionTests.xctest */,
			);
			name = Products;
			sourceTree = "<group>";
		};
		2D77243C1FBDC8B100E440B9 /* MVPDependencyInjection */ = {
			isa = PBXGroup;
			children = (
				2D77243D1FBDC8B100E440B9 /* AppDelegate.swift */,
				2D77245E1FBDCA0300E440B9 /* Minion.swift */,
				2D77245D1FBDCA0300E440B9 /* MinionService.swift */,
				2D7724651FBDCB1700E440B9 /* MinionPresenter.swift */,
				2D77245F1FBDCA0300E440B9 /* ViewController.swift */,
				2D7724411FBDC8B100E440B9 /* Main.storyboard */,
				2D7724441FBDC8B100E440B9 /* Assets.xcassets */,
				2D7724461FBDC8B100E440B9 /* LaunchScreen.storyboard */,
				2D7724491FBDC8B100E440B9 /* Info.plist */,
			);
			path = MVPDependencyInjection;
			sourceTree = "<group>";
		};
		2D7724511FBDC8B100E440B9 /* MVPDependencyInjectionTests */ = {
			isa = PBXGroup;
			children = (
				2D7724631FBDCA2900E440B9 /* ViewControllerTests.swift */,
				2D7724541FBDC8B100E440B9 /* Info.plist */,
			);
			path = MVPDependencyInjectionTests;
			sourceTree = "<group>";
		};
/* End PBXGroup section */

/* Begin PBXNativeTarget section */
		2D7724391FBDC8B100E440B9 /* MVPDependencyInjection */ = {
			isa = PBXNativeTarget;
			buildConfigurationList = 2D7724571FBDC8B100E440B9 /* Build configuration list for PBXNativeTarget "MVPDependencyInjection" */;
			buildPhases = (
				2D7724361FBDC8B100E440B9 /* Sources */,
				2D7724371FBDC8B100E440B9 /* Frameworks */,
				2D7724381FBDC8B100E440B9 /* Resources */,
			);
			buildRules = (
			);
			dependencies = (
			);
			name = MVPDependencyInjection;
			productName = MVPDependencyInjection;
			productReference = 2D77243A1FBDC8B100E440B9 /* MVPDependencyInjection.app */;
			productType = "com.apple.product-type.application";
		};
		2D77244D1FBDC8B100E440B9 /* MVPDependencyInjectionTests */ = {
			isa = PBXNativeTarget;
			buildConfigurationList = 2D77245A1FBDC8B100E440B9 /* Build configuration list for PBXNativeTarget "MVPDependencyInjectionTests" */;
			buildPhases = (
				2D77244A1FBDC8B100E440B9 /* Sources */,
				2D77244B1FBDC8B100E440B9 /* Frameworks */,
				2D77244C1FBDC8B100E440B9 /* Resources */,
			);
			buildRules = (
			);
			dependencies = (
				2D7724501FBDC8B100E440B9 /* PBXTargetDependency */,
			);
			name = MVPDependencyInjectionTests;
			productName = MVPDependencyInjectionTests;
			productReference = 2D77244E1FBDC8B100E440B9 /* MVPDependencyInjectionTests.xctest */;
			productType = "com.apple.product-type.bundle.unit-test";
		};
/* End PBXNativeTarget section */

/* Begin PBXProject section */
		2D7724321FBDC8B100E440B9 /* Project object */ = {
			isa = PBXProject;
			attributes = {
				LastSwiftUpdateCheck = 0910;
				LastUpgradeCheck = 0910;
				ORGANIZATIONNAME = "Jon Olivet";
				TargetAttributes = {
					2D7724391FBDC8B100E440B9 = {
						CreatedOnToolsVersion = 9.1;
						ProvisioningStyle = Automatic;
					};
					2D77244D1FBDC8B100E440B9 = {
						CreatedOnToolsVersion = 9.1;
						LastSwiftMigration = 0910;
						ProvisioningStyle = Automatic;
						TestTargetID = 2D7724391FBDC8B100E440B9;
					};
				};
			};
			buildConfigurationList = 2D7724351FBDC8B100E440B9 /* Build configuration list for PBXProject "MVPDependencyInjection" */;
			compatibilityVersion = "Xcode 8.0";
			developmentRegion = en;
			hasScannedForEncodings = 0;
			knownRegions = (
				en,
				Base,
			);
			mainGroup = 2D7724311FBDC8B100E440B9;
			productRefGroup = 2D77243B1FBDC8B100E440B9 /* Products */;
			projectDirPath = "";
			projectRoot = "";
			targets = (
				2D7724391FBDC8B100E440B9 /* MVPDependencyInjection */,
				2D77244D1FBDC8B100E440B9 /* MVPDependencyInjectionTests */,
			);
		};
/* End PBXProject section */

/* Begin PBXResourcesBuildPhase section */
		2D7724381FBDC8B100E440B9 /* Resources */ = {
			isa = PBXResourcesBuildPhase;
			buildActionMask = 2147483647;
			files = (
				2D7724481FBDC8B100E440B9 /* LaunchScreen.storyboard in Resources */,
				2D7724451FBDC8B100E440B9 /* Assets.xcassets in Resources */,
				2D7724431FBDC8B100E440B9 /* Main.storyboard in Resources */,
			);
			runOnlyForDeploymentPostprocessing = 0;
		};
		2D77244C1FBDC8B100E440B9 /* Resources */ = {
			isa = PBXResourcesBuildPhase;
			buildActionMask = 2147483647;
			files = (
			);
			runOnlyForDeploymentPostprocessing = 0;
		};
/* End PBXResourcesBuildPhase section */

/* Begin PBXSourcesBuildPhase section */
		2D7724361FBDC8B100E440B9 /* Sources */ = {
			isa = PBXSourcesBuildPhase;
			buildActionMask = 2147483647;
			files = (
				2D7724661FBDCB1700E440B9 /* MinionPresenter.swift in Sources */,
				2D77243E1FBDC8B100E440B9 /* AppDelegate.swift in Sources */,
				2D7724601FBDCA0300E440B9 /* MinionService.swift in Sources */,
				2D7724621FBDCA0300E440B9 /* ViewController.swift in Sources */,
				2D7724611FBDCA0300E440B9 /* Minion.swift in Sources */,
			);
			runOnlyForDeploymentPostprocessing = 0;
		};
		2D77244A1FBDC8B100E440B9 /* Sources */ = {
			isa = PBXSourcesBuildPhase;
			buildActionMask = 2147483647;
			files = (
				2D7724641FBDCA2900E440B9 /* ViewControllerTests.swift in Sources */,
			);
			runOnlyForDeploymentPostprocessing = 0;
		};
/* End PBXSourcesBuildPhase section */

/* Begin PBXTargetDependency section */
		2D7724501FBDC8B100E440B9 /* PBXTargetDependency */ = {
			isa = PBXTargetDependency;
			target = 2D7724391FBDC8B100E440B9 /* MVPDependencyInjection */;
			targetProxy = 2D77244F1FBDC8B100E440B9 /* PBXContainerItemProxy */;
		};
/* End PBXTargetDependency section */

/* Begin PBXVariantGroup section */
		2D7724411FBDC8B100E440B9 /* Main.storyboard */ = {
			isa = PBXVariantGroup;
			children = (
				2D7724421FBDC8B100E440B9 /* Base */,
			);
			name = Main.storyboard;
			sourceTree = "<group>";
		};
		2D7724461FBDC8B100E440B9 /* LaunchScreen.storyboard */ = {
			isa = PBXVariantGroup;
			children = (
				2D7724471FBDC8B100E440B9 /* Base */,
			);
			name = LaunchScreen.storyboard;
			sourceTree = "<group>";
		};
/* End PBXVariantGroup section */

/* Begin XCBuildConfiguration section */
		2D7724551FBDC8B100E440B9 /* Debug */ = {
			isa = XCBuildConfiguration;
			buildSettings = {
				ALWAYS_SEARCH_USER_PATHS = NO;
				CLANG_ANALYZER_NONNULL = YES;
				CLANG_ANALYZER_NUMBER_OBJECT_CONVERSION = YES_AGGRESSIVE;
				CLANG_CXX_LANGUAGE_STANDARD = "gnu++14";
				CLANG_CXX_LIBRARY = "libc++";
				CLANG_ENABLE_MODULES = YES;
				CLANG_ENABLE_OBJC_ARC = YES;
				CLANG_WARN_BLOCK_CAPTURE_AUTORELEASING = YES;
				CLANG_WARN_BOOL_CONVERSION = YES;
				CLANG_WARN_COMMA = YES;
				CLANG_WARN_CONSTANT_CONVERSION = YES;
				CLANG_WARN_DIRECT_OBJC_ISA_USAGE = YES_ERROR;
				CLANG_WARN_DOCUMENTATION_COMMENTS = YES;
				CLANG_WARN_EMPTY_BODY = YES;
				CLANG_WARN_ENUM_CONVERSION = YES;
				CLANG_WARN_INFINITE_RECURSION = YES;
				CLANG_WARN_INT_CONVERSION = YES;
				CLANG_WARN_NON_LITERAL_NULL_CONVERSION = YES;
				CLANG_WARN_OBJC_LITERAL_CONVERSION = YES;
				CLANG_WARN_OBJC_ROOT_CLASS = YES_ERROR;
				CLANG_WARN_RANGE_LOOP_ANALYSIS = YES;
				CLANG_WARN_STRICT_PROTOTYPES = YES;
				CLANG_WARN_SUSPICIOUS_MOVE = YES;
				CLANG_WARN_UNGUARDED_AVAILABILITY = YES_AGGRESSIVE;
				CLANG_WARN_UNREACHABLE_CODE = YES;
				CLANG_WARN__DUPLICATE_METHOD_MATCH = YES;
				CODE_SIGN_IDENTITY = "iPhone Developer";
				COPY_PHASE_STRIP = NO;
				DEBUG_INFORMATION_FORMAT = dwarf;
				ENABLE_STRICT_OBJC_MSGSEND = YES;
				ENABLE_TESTABILITY = YES;
				GCC_C_LANGUAGE_STANDARD = gnu11;
				GCC_DYNAMIC_NO_PIC = NO;
				GCC_NO_COMMON_BLOCKS = YES;
				GCC_OPTIMIZATION_LEVEL = 0;
				GCC_PREPROCESSOR_DEFINITIONS = (
					"DEBUG=1",
					"$(inherited)",
				);
				GCC_WARN_64_TO_32_BIT_CONVERSION = YES;
				GCC_WARN_ABOUT_RETURN_TYPE = YES_ERROR;
				GCC_WARN_UNDECLARED_SELECTOR = YES;
				GCC_WARN_UNINITIALIZED_AUTOS = YES_AGGRESSIVE;
				GCC_WARN_UNUSED_FUNCTION = YES;
				GCC_WARN_UNUSED_VARIABLE = YES;
				IPHONEOS_DEPLOYMENT_TARGET = 11.1;
				MTL_ENABLE_DEBUG_INFO = YES;
				ONLY_ACTIVE_ARCH = YES;
				SDKROOT = iphoneos;
				SWIFT_ACTIVE_COMPILATION_CONDITIONS = DEBUG;
				SWIFT_OPTIMIZATION_LEVEL = "-Onone";
			};
			name = Debug;
		};
		2D7724561FBDC8B100E440B9 /* Release */ = {
			isa = XCBuildConfiguration;
			buildSettings = {
				ALWAYS_SEARCH_USER_PATHS = NO;
				CLANG_ANALYZER_NONNULL = YES;
				CLANG_ANALYZER_NUMBER_OBJECT_CONVERSION = YES_AGGRESSIVE;
				CLANG_CXX_LANGUAGE_STANDARD = "gnu++14";
				CLANG_CXX_LIBRARY = "libc++";
				CLANG_ENABLE_MODULES = YES;
				CLANG_ENABLE_OBJC_ARC = YES;
				CLANG_WARN_BLOCK_CAPTURE_AUTORELEASING = YES;
				CLANG_WARN_BOOL_CONVERSION = YES;
				CLANG_WARN_COMMA = YES;
				CLANG_WARN_CONSTANT_CONVERSION = YES;
				CLANG_WARN_DIRECT_OBJC_ISA_USAGE = YES_ERROR;
				CLANG_WARN_DOCUMENTATION_COMMENTS = YES;
				CLANG_WARN_EMPTY_BODY = YES;
				CLANG_WARN_ENUM_CONVERSION = YES;
				CLANG_WARN_INFINITE_RECURSION = YES;
				CLANG_WARN_INT_CONVERSION = YES;
				CLANG_WARN_NON_LITERAL_NULL_CONVERSION = YES;
				CLANG_WARN_OBJC_LITERAL_CONVERSION = YES;
				CLANG_WARN_OBJC_ROOT_CLASS = YES_ERROR;
				CLANG_WARN_RANGE_LOOP_ANALYSIS = YES;
				CLANG_WARN_STRICT_PROTOTYPES = YES;
				CLANG_WARN_SUSPICIOUS_MOVE = YES;
				CLANG_WARN_UNGUARDED_AVAILABILITY = YES_AGGRESSIVE;
				CLANG_WARN_UNREACHABLE_CODE = YES;
				CLANG_WARN__DUPLICATE_METHOD_MATCH = YES;
				CODE_SIGN_IDENTITY = "iPhone Developer";
				COPY_PHASE_STRIP = NO;
				DEBUG_INFORMATION_FORMAT = "dwarf-with-dsym";
				ENABLE_NS_ASSERTIONS = NO;
				ENABLE_STRICT_OBJC_MSGSEND = YES;
				GCC_C_LANGUAGE_STANDARD = gnu11;
				GCC_NO_COMMON_BLOCKS = YES;
				GCC_WARN_64_TO_32_BIT_CONVERSION = YES;
				GCC_WARN_ABOUT_RETURN_TYPE = YES_ERROR;
				GCC_WARN_UNDECLARED_SELECTOR = YES;
				GCC_WARN_UNINITIALIZED_AUTOS = YES_AGGRESSIVE;
				GCC_WARN_UNUSED_FUNCTION = YES;
				GCC_WARN_UNUSED_VARIABLE = YES;
				IPHONEOS_DEPLOYMENT_TARGET = 11.1;
				MTL_ENABLE_DEBUG_INFO = NO;
				SDKROOT = iphoneos;
				SWIFT_OPTIMIZATION_LEVEL = "-Owholemodule";
				VALIDATE_PRODUCT = YES;
			};
			name = Release;
		};
		2D7724581FBDC8B100E440B9 /* Debug */ = {
			isa = XCBuildConfiguration;
			buildSettings = {
				ASSETCATALOG_COMPILER_APPICON_NAME = AppIcon;
				CODE_SIGN_STYLE = Automatic;
				DEVELOPMENT_TEAM = 62N3TG9YQK;
				INFOPLIST_FILE = MVPDependencyInjection/Info.plist;
				LD_RUNPATH_SEARCH_PATHS = "$(inherited) @executable_path/Frameworks";
				PRODUCT_BUNDLE_IDENTIFIER = self.jonolivet.MVPDependencyInjection;
				PRODUCT_NAME = "$(TARGET_NAME)";
				SWIFT_VERSION = 4.0;
				TARGETED_DEVICE_FAMILY = "1,2";
			};
			name = Debug;
		};
		2D7724591FBDC8B100E440B9 /* Release */ = {
			isa = XCBuildConfiguration;
			buildSettings = {
				ASSETCATALOG_COMPILER_APPICON_NAME = AppIcon;
				CODE_SIGN_STYLE = Automatic;
				DEVELOPMENT_TEAM = 62N3TG9YQK;
				INFOPLIST_FILE = MVPDependencyInjection/Info.plist;
				LD_RUNPATH_SEARCH_PATHS = "$(inherited) @executable_path/Frameworks";
				PRODUCT_BUNDLE_IDENTIFIER = self.jonolivet.MVPDependencyInjection;
				PRODUCT_NAME = "$(TARGET_NAME)";
				SWIFT_VERSION = 4.0;
				TARGETED_DEVICE_FAMILY = "1,2";
			};
			name = Release;
		};
		2D77245B1FBDC8B100E440B9 /* Debug */ = {
			isa = XCBuildConfiguration;
			buildSettings = {
				ALWAYS_EMBED_SWIFT_STANDARD_LIBRARIES = YES;
				BUNDLE_LOADER = "$(TEST_HOST)";
				CLANG_ENABLE_MODULES = YES;
				CODE_SIGN_STYLE = Automatic;
				DEVELOPMENT_TEAM = 62N3TG9YQK;
				INFOPLIST_FILE = MVPDependencyInjectionTests/Info.plist;
				LD_RUNPATH_SEARCH_PATHS = "$(inherited) @executable_path/Frameworks @loader_path/Frameworks";
				PRODUCT_BUNDLE_IDENTIFIER = self.jonolivet.MVPDependencyInjectionTests;
				PRODUCT_NAME = "$(TARGET_NAME)";
				SWIFT_OPTIMIZATION_LEVEL = "-Onone";
				SWIFT_VERSION = 4.0;
				TARGETED_DEVICE_FAMILY = "1,2";
				TEST_HOST = "$(BUILT_PRODUCTS_DIR)/MVPDependencyInjection.app/MVPDependencyInjection";
			};
			name = Debug;
		};
		2D77245C1FBDC8B100E440B9 /* Release */ = {
			isa = XCBuildConfiguration;
			buildSettings = {
				ALWAYS_EMBED_SWIFT_STANDARD_LIBRARIES = YES;
				BUNDLE_LOADER = "$(TEST_HOST)";
				CLANG_ENABLE_MODULES = YES;
				CODE_SIGN_STYLE = Automatic;
				DEVELOPMENT_TEAM = 62N3TG9YQK;
				INFOPLIST_FILE = MVPDependencyInjectionTests/Info.plist;
				LD_RUNPATH_SEARCH_PATHS = "$(inherited) @executable_path/Frameworks @loader_path/Frameworks";
				PRODUCT_BUNDLE_IDENTIFIER = self.jonolivet.MVPDependencyInjectionTests;
				PRODUCT_NAME = "$(TARGET_NAME)";
				SWIFT_VERSION = 4.0;
				TARGETED_DEVICE_FAMILY = "1,2";
				TEST_HOST = "$(BUILT_PRODUCTS_DIR)/MVPDependencyInjection.app/MVPDependencyInjection";
			};
			name = Release;
		};
/* End XCBuildConfiguration section */

/* Begin XCConfigurationList section */
		2D7724351FBDC8B100E440B9 /* Build configuration list for PBXProject "MVPDependencyInjection" */ = {
			isa = XCConfigurationList;
			buildConfigurations = (
				2D7724551FBDC8B100E440B9 /* Debug */,
				2D7724561FBDC8B100E440B9 /* Release */,
			);
			defaultConfigurationIsVisible = 0;
			defaultConfigurationName = Release;
		};
		2D7724571FBDC8B100E440B9 /* Build configuration list for PBXNativeTarget "MVPDependencyInjection" */ = {
			isa = XCConfigurationList;
			buildConfigurations = (
				2D7724581FBDC8B100E440B9 /* Debug */,
				2D7724591FBDC8B100E440B9 /* Release */,
			);
			defaultConfigurationIsVisible = 0;
			defaultConfigurationName = Release;
		};
		2D77245A1FBDC8B100E440B9 /* Build configuration list for PBXNativeTarget "MVPDependencyInjectionTests" */ = {
			isa = XCConfigurationList;
			buildConfigurations = (
				2D77245B1FBDC8B100E440B9 /* Debug */,
				2D77245C1FBDC8B100E440B9 /* Release */,
			);
			defaultConfigurationIsVisible = 0;
			defaultConfigurationName = Release;
		};
/* End XCConfigurationList section */
	};
	rootObject = 2D7724321FBDC8B100E440B9 /* Project object */;
}
